// !$*UTF8*$!
{
	archiveVersion = 1;
	classes = {
	};
	objectVersion = 48;
	objects = {

/* Begin PBXBuildFile section */
		EDE50D122235402800575EDF /* GildedRoseKataTests.swift in Sources */ = {isa = PBXBuildFile; fileRef = EDE50D112235402800575EDF /* GildedRoseKataTests.swift */; };
		EDE50D1D22354EC400575EDF /* Item.swift in Sources */ = {isa = PBXBuildFile; fileRef = EDE50D1C22354EC400575EDF /* Item.swift */; };
		EDE50D1F22354EE000575EDF /* main.swift in Sources */ = {isa = PBXBuildFile; fileRef = EDE50D1E22354EE000575EDF /* main.swift */; };
		EDE50D2122354F0F00575EDF /* GildedRose.swift in Sources */ = {isa = PBXBuildFile; fileRef = EDE50D2022354F0F00575EDF /* GildedRose.swift */; };
		EDE50D232235B05500575EDF /* ProductChanges.swift in Sources */ = {isa = PBXBuildFile; fileRef = EDE50D222235B05500575EDF /* ProductChanges.swift */; };
		EDE50D252235BACD00575EDF /* AgedBrie.swift in Sources */ = {isa = PBXBuildFile; fileRef = EDE50D242235BACD00575EDF /* AgedBrie.swift */; };
		EDE50D272235BAE900575EDF /* Sulfuras.swift in Sources */ = {isa = PBXBuildFile; fileRef = EDE50D262235BAE900575EDF /* Sulfuras.swift */; };
		EDE50D292235BB0B00575EDF /* Conjured.swift in Sources */ = {isa = PBXBuildFile; fileRef = EDE50D282235BB0B00575EDF /* Conjured.swift */; };
		EDE50D2B2235BB5300575EDF /* Backstage.swift in Sources */ = {isa = PBXBuildFile; fileRef = EDE50D2A2235BB5300575EDF /* Backstage.swift */; };
		EDE50D2D2235C4CC00575EDF /* StoreHouseChanges.swift in Sources */ = {isa = PBXBuildFile; fileRef = EDE50D2C2235C4CC00575EDF /* StoreHouseChanges.swift */; };
/* End PBXBuildFile section */

/* Begin PBXContainerItemProxy section */
		EDE50D0E2235402800575EDF /* PBXContainerItemProxy */ = {
			isa = PBXContainerItemProxy;
			containerPortal = EDE50CF12235402800575EDF /* Project object */;
			proxyType = 1;
			remoteGlobalIDString = EDE50CF82235402800575EDF;
			remoteInfo = GildedRoseKata;
		};
/* End PBXContainerItemProxy section */

/* Begin PBXFileReference section */
		EDE50CF92235402800575EDF /* GildedRoseKata.app */ = {isa = PBXFileReference; explicitFileType = wrapper.application; includeInIndex = 0; path = GildedRoseKata.app; sourceTree = BUILT_PRODUCTS_DIR; };
		EDE50D082235402800575EDF /* Info.plist */ = {isa = PBXFileReference; lastKnownFileType = text.plist.xml; path = Info.plist; sourceTree = "<group>"; };
		EDE50D0D2235402800575EDF /* GildedRoseKataTests.xctest */ = {isa = PBXFileReference; explicitFileType = wrapper.cfbundle; includeInIndex = 0; path = GildedRoseKataTests.xctest; sourceTree = BUILT_PRODUCTS_DIR; };
		EDE50D112235402800575EDF /* GildedRoseKataTests.swift */ = {isa = PBXFileReference; lastKnownFileType = sourcecode.swift; path = GildedRoseKataTests.swift; sourceTree = "<group>"; };
		EDE50D132235402800575EDF /* Info.plist */ = {isa = PBXFileReference; lastKnownFileType = text.plist.xml; path = Info.plist; sourceTree = "<group>"; };
		EDE50D1C22354EC400575EDF /* Item.swift */ = {isa = PBXFileReference; lastKnownFileType = sourcecode.swift; path = Item.swift; sourceTree = "<group>"; };
		EDE50D1E22354EE000575EDF /* main.swift */ = {isa = PBXFileReference; lastKnownFileType = sourcecode.swift; path = main.swift; sourceTree = "<group>"; };
		EDE50D2022354F0F00575EDF /* GildedRose.swift */ = {isa = PBXFileReference; lastKnownFileType = sourcecode.swift; path = GildedRose.swift; sourceTree = "<group>"; };
		EDE50D222235B05500575EDF /* ProductChanges.swift */ = {isa = PBXFileReference; lastKnownFileType = sourcecode.swift; path = ProductChanges.swift; sourceTree = "<group>"; };
		EDE50D242235BACD00575EDF /* AgedBrie.swift */ = {isa = PBXFileReference; lastKnownFileType = sourcecode.swift; path = AgedBrie.swift; sourceTree = "<group>"; };
		EDE50D262235BAE900575EDF /* Sulfuras.swift */ = {isa = PBXFileReference; lastKnownFileType = sourcecode.swift; path = Sulfuras.swift; sourceTree = "<group>"; };
		EDE50D282235BB0B00575EDF /* Conjured.swift */ = {isa = PBXFileReference; lastKnownFileType = sourcecode.swift; path = Conjured.swift; sourceTree = "<group>"; };
		EDE50D2A2235BB5300575EDF /* Backstage.swift */ = {isa = PBXFileReference; lastKnownFileType = sourcecode.swift; path = Backstage.swift; sourceTree = "<group>"; };
		EDE50D2C2235C4CC00575EDF /* StoreHouseChanges.swift */ = {isa = PBXFileReference; lastKnownFileType = sourcecode.swift; path = StoreHouseChanges.swift; sourceTree = "<group>"; };
/* End PBXFileReference section */

/* Begin PBXFrameworksBuildPhase section */
		EDE50CF62235402800575EDF /* Frameworks */ = {
			isa = PBXFrameworksBuildPhase;
			buildActionMask = 2147483647;
			files = (
			);
			runOnlyForDeploymentPostprocessing = 0;
		};
		EDE50D0A2235402800575EDF /* Frameworks */ = {
			isa = PBXFrameworksBuildPhase;
			buildActionMask = 2147483647;
			files = (
			);
			runOnlyForDeploymentPostprocessing = 0;
		};
/* End PBXFrameworksBuildPhase section */

/* Begin PBXGroup section */
		EDE50CF02235402800575EDF = {
			isa = PBXGroup;
			children = (
				EDE50CFB2235402800575EDF /* GildedRoseKata */,
				EDE50D102235402800575EDF /* GildedRoseKataTests */,
				EDE50CFA2235402800575EDF /* Products */,
			);
			sourceTree = "<group>";
		};
		EDE50CFA2235402800575EDF /* Products */ = {
			isa = PBXGroup;
			children = (
				EDE50CF92235402800575EDF /* GildedRoseKata.app */,
				EDE50D0D2235402800575EDF /* GildedRoseKataTests.xctest */,
			);
			name = Products;
			sourceTree = "<group>";
		};
		EDE50CFB2235402800575EDF /* GildedRoseKata */ = {
			isa = PBXGroup;
			children = (
				EDE50D082235402800575EDF /* Info.plist */,
				EDE50D1C22354EC400575EDF /* Item.swift */,
				EDE50D1E22354EE000575EDF /* main.swift */,
				EDE50D2022354F0F00575EDF /* GildedRose.swift */,
				EDE50D222235B05500575EDF /* ProductChanges.swift */,
				EDE50D242235BACD00575EDF /* AgedBrie.swift */,
				EDE50D262235BAE900575EDF /* Sulfuras.swift */,
				EDE50D282235BB0B00575EDF /* Conjured.swift */,
				EDE50D2A2235BB5300575EDF /* Backstage.swift */,
				EDE50D2C2235C4CC00575EDF /* StoreHouseChanges.swift */,
			);
			path = GildedRoseKata;
			sourceTree = "<group>";
		};
		EDE50D102235402800575EDF /* GildedRoseKataTests */ = {
			isa = PBXGroup;
			children = (
				EDE50D112235402800575EDF /* GildedRoseKataTests.swift */,
				EDE50D132235402800575EDF /* Info.plist */,
			);
			path = GildedRoseKataTests;
			sourceTree = "<group>";
		};
/* End PBXGroup section */

/* Begin PBXNativeTarget section */
		EDE50CF82235402800575EDF /* GildedRoseKata */ = {
			isa = PBXNativeTarget;
			buildConfigurationList = EDE50D162235402800575EDF /* Build configuration list for PBXNativeTarget "GildedRoseKata" */;
			buildPhases = (
				EDE50CF52235402800575EDF /* Sources */,
				EDE50CF62235402800575EDF /* Frameworks */,
				EDE50CF72235402800575EDF /* Resources */,
			);
			buildRules = (
			);
			dependencies = (
			);
			name = GildedRoseKata;
			productName = GildedRoseKata;
			productReference = EDE50CF92235402800575EDF /* GildedRoseKata.app */;
			productType = "com.apple.product-type.application";
		};
		EDE50D0C2235402800575EDF /* GildedRoseKataTests */ = {
			isa = PBXNativeTarget;
			buildConfigurationList = EDE50D192235402800575EDF /* Build configuration list for PBXNativeTarget "GildedRoseKataTests" */;
			buildPhases = (
				EDE50D092235402800575EDF /* Sources */,
				EDE50D0A2235402800575EDF /* Frameworks */,
				EDE50D0B2235402800575EDF /* Resources */,
			);
			buildRules = (
			);
			dependencies = (
				EDE50D0F2235402800575EDF /* PBXTargetDependency */,
			);
			name = GildedRoseKataTests;
			productName = GildedRoseKataTests;
			productReference = EDE50D0D2235402800575EDF /* GildedRoseKataTests.xctest */;
			productType = "com.apple.product-type.bundle.unit-test";
		};
/* End PBXNativeTarget section */

/* Begin PBXProject section */
		EDE50CF12235402800575EDF /* Project object */ = {
			isa = PBXProject;
			attributes = {
				LastSwiftUpdateCheck = 0910;
				LastUpgradeCheck = 0910;
				ORGANIZATIONNAME = "Daniela Banica";
				TargetAttributes = {
					EDE50CF82235402800575EDF = {
						CreatedOnToolsVersion = 9.1;
						LastSwiftMigration = 0910;
						ProvisioningStyle = Automatic;
					};
					EDE50D0C2235402800575EDF = {
						CreatedOnToolsVersion = 9.1;
						ProvisioningStyle = Automatic;
						TestTargetID = EDE50CF82235402800575EDF;
					};
				};
			};
			buildConfigurationList = EDE50CF42235402800575EDF /* Build configuration list for PBXProject "GildedRoseKata" */;
			compatibilityVersion = "Xcode 8.0";
			developmentRegion = en;
			hasScannedForEncodings = 0;
			knownRegions = (
				en,
				Base,
			);
			mainGroup = EDE50CF02235402800575EDF;
			productRefGroup = EDE50CFA2235402800575EDF /* Products */;
			projectDirPath = "";
			projectRoot = "";
			targets = (
				EDE50CF82235402800575EDF /* GildedRoseKata */,
				EDE50D0C2235402800575EDF /* GildedRoseKataTests */,
			);
		};
/* End PBXProject section */

/* Begin PBXResourcesBuildPhase section */
		EDE50CF72235402800575EDF /* Resources */ = {
			isa = PBXResourcesBuildPhase;
			buildActionMask = 2147483647;
			files = (
			);
			runOnlyForDeploymentPostprocessing = 0;
		};
		EDE50D0B2235402800575EDF /* Resources */ = {
			isa = PBXResourcesBuildPhase;
			buildActionMask = 2147483647;
			files = (
			);
			runOnlyForDeploymentPostprocessing = 0;
		};
/* End PBXResourcesBuildPhase section */

/* Begin PBXSourcesBuildPhase section */
		EDE50CF52235402800575EDF /* Sources */ = {
			isa = PBXSourcesBuildPhase;
			buildActionMask = 2147483647;
			files = (
				EDE50D272235BAE900575EDF /* Sulfuras.swift in Sources */,
				EDE50D292235BB0B00575EDF /* Conjured.swift in Sources */,
				EDE50D1F22354EE000575EDF /* main.swift in Sources */,
				EDE50D2D2235C4CC00575EDF /* StoreHouseChanges.swift in Sources */,
				EDE50D232235B05500575EDF /* ProductChanges.swift in Sources */,
				EDE50D252235BACD00575EDF /* AgedBrie.swift in Sources */,
				EDE50D2122354F0F00575EDF /* GildedRose.swift in Sources */,
				EDE50D1D22354EC400575EDF /* Item.swift in Sources */,
				EDE50D2B2235BB5300575EDF /* Backstage.swift in Sources */,
			);
			runOnlyForDeploymentPostprocessing = 0;
		};
		EDE50D092235402800575EDF /* Sources */ = {
			isa = PBXSourcesBuildPhase;
			buildActionMask = 2147483647;
			files = (
				EDE50D122235402800575EDF /* GildedRoseKataTests.swift in Sources */,
			);
			runOnlyForDeploymentPostprocessing = 0;
		};
/* End PBXSourcesBuildPhase section */

/* Begin PBXTargetDependency section */
		EDE50D0F2235402800575EDF /* PBXTargetDependency */ = {
			isa = PBXTargetDependency;
			target = EDE50CF82235402800575EDF /* GildedRoseKata */;
			targetProxy = EDE50D0E2235402800575EDF /* PBXContainerItemProxy */;
		};
/* End PBXTargetDependency section */

/* Begin XCBuildConfiguration section */
		EDE50D142235402800575EDF /* Debug */ = {
			isa = XCBuildConfiguration;
			buildSettings = {
				ALWAYS_SEARCH_USER_PATHS = NO;
				CLANG_ANALYZER_NONNULL = YES;
				CLANG_ANALYZER_NUMBER_OBJECT_CONVERSION = YES_AGGRESSIVE;
				CLANG_CXX_LANGUAGE_STANDARD = "gnu++14";
				CLANG_CXX_LIBRARY = "libc++";
				CLANG_ENABLE_MODULES = YES;
				CLANG_ENABLE_OBJC_ARC = YES;
				CLANG_WARN_BLOCK_CAPTURE_AUTORELEASING = YES;
				CLANG_WARN_BOOL_CONVERSION = YES;
				CLANG_WARN_COMMA = YES;
				CLANG_WARN_CONSTANT_CONVERSION = YES;
				CLANG_WARN_DIRECT_OBJC_ISA_USAGE = YES_ERROR;
				CLANG_WARN_DOCUMENTATION_COMMENTS = YES;
				CLANG_WARN_EMPTY_BODY = YES;
				CLANG_WARN_ENUM_CONVERSION = YES;
				CLANG_WARN_INFINITE_RECURSION = YES;
				CLANG_WARN_INT_CONVERSION = YES;
				CLANG_WARN_NON_LITERAL_NULL_CONVERSION = YES;
				CLANG_WARN_OBJC_LITERAL_CONVERSION = YES;
				CLANG_WARN_OBJC_ROOT_CLASS = YES_ERROR;
				CLANG_WARN_RANGE_LOOP_ANALYSIS = YES;
				CLANG_WARN_STRICT_PROTOTYPES = YES;
				CLANG_WARN_SUSPICIOUS_MOVE = YES;
				CLANG_WARN_UNGUARDED_AVAILABILITY = YES_AGGRESSIVE;
				CLANG_WARN_UNREACHABLE_CODE = YES;
				CLANG_WARN__DUPLICATE_METHOD_MATCH = YES;
				CODE_SIGN_IDENTITY = "iPhone Developer";
				COPY_PHASE_STRIP = NO;
				DEBUG_INFORMATION_FORMAT = dwarf;
				ENABLE_STRICT_OBJC_MSGSEND = YES;
				ENABLE_TESTABILITY = YES;
				GCC_C_LANGUAGE_STANDARD = gnu11;
				GCC_DYNAMIC_NO_PIC = NO;
				GCC_NO_COMMON_BLOCKS = YES;
				GCC_OPTIMIZATION_LEVEL = 0;
				GCC_PREPROCESSOR_DEFINITIONS = (
					"DEBUG=1",
					"$(inherited)",
				);
				GCC_WARN_64_TO_32_BIT_CONVERSION = YES;
				GCC_WARN_ABOUT_RETURN_TYPE = YES_ERROR;
				GCC_WARN_UNDECLARED_SELECTOR = YES;
				GCC_WARN_UNINITIALIZED_AUTOS = YES_AGGRESSIVE;
				GCC_WARN_UNUSED_FUNCTION = YES;
				GCC_WARN_UNUSED_VARIABLE = YES;
				IPHONEOS_DEPLOYMENT_TARGET = 11.1;
				MTL_ENABLE_DEBUG_INFO = YES;
				ONLY_ACTIVE_ARCH = YES;
				SDKROOT = iphoneos;
				SWIFT_ACTIVE_COMPILATION_CONDITIONS = DEBUG;
				SWIFT_OPTIMIZATION_LEVEL = "-Onone";
			};
			name = Debug;
		};
		EDE50D152235402800575EDF /* Release */ = {
			isa = XCBuildConfiguration;
			buildSettings = {
				ALWAYS_SEARCH_USER_PATHS = NO;
				CLANG_ANALYZER_NONNULL = YES;
				CLANG_ANALYZER_NUMBER_OBJECT_CONVERSION = YES_AGGRESSIVE;
				CLANG_CXX_LANGUAGE_STANDARD = "gnu++14";
				CLANG_CXX_LIBRARY = "libc++";
				CLANG_ENABLE_MODULES = YES;
				CLANG_ENABLE_OBJC_ARC = YES;
				CLANG_WARN_BLOCK_CAPTURE_AUTORELEASING = YES;
				CLANG_WARN_BOOL_CONVERSION = YES;
				CLANG_WARN_COMMA = YES;
				CLANG_WARN_CONSTANT_CONVERSION = YES;
				CLANG_WARN_DIRECT_OBJC_ISA_USAGE = YES_ERROR;
				CLANG_WARN_DOCUMENTATION_COMMENTS = YES;
				CLANG_WARN_EMPTY_BODY = YES;
				CLANG_WARN_ENUM_CONVERSION = YES;
				CLANG_WARN_INFINITE_RECURSION = YES;
				CLANG_WARN_INT_CONVERSION = YES;
				CLANG_WARN_NON_LITERAL_NULL_CONVERSION = YES;
				CLANG_WARN_OBJC_LITERAL_CONVERSION = YES;
				CLANG_WARN_OBJC_ROOT_CLASS = YES_ERROR;
				CLANG_WARN_RANGE_LOOP_ANALYSIS = YES;
				CLANG_WARN_STRICT_PROTOTYPES = YES;
				CLANG_WARN_SUSPICIOUS_MOVE = YES;
				CLANG_WARN_UNGUARDED_AVAILABILITY = YES_AGGRESSIVE;
				CLANG_WARN_UNREACHABLE_CODE = YES;
				CLANG_WARN__DUPLICATE_METHOD_MATCH = YES;
				CODE_SIGN_IDENTITY = "iPhone Developer";
				COPY_PHASE_STRIP = NO;
				DEBUG_INFORMATION_FORMAT = "dwarf-with-dsym";
				ENABLE_NS_ASSERTIONS = NO;
				ENABLE_STRICT_OBJC_MSGSEND = YES;
				GCC_C_LANGUAGE_STANDARD = gnu11;
				GCC_NO_COMMON_BLOCKS = YES;
				GCC_WARN_64_TO_32_BIT_CONVERSION = YES;
				GCC_WARN_ABOUT_RETURN_TYPE = YES_ERROR;
				GCC_WARN_UNDECLARED_SELECTOR = YES;
				GCC_WARN_UNINITIALIZED_AUTOS = YES_AGGRESSIVE;
				GCC_WARN_UNUSED_FUNCTION = YES;
				GCC_WARN_UNUSED_VARIABLE = YES;
				IPHONEOS_DEPLOYMENT_TARGET = 11.1;
				MTL_ENABLE_DEBUG_INFO = NO;
				SDKROOT = iphoneos;
				SWIFT_OPTIMIZATION_LEVEL = "-Owholemodule";
				VALIDATE_PRODUCT = YES;
			};
			name = Release;
		};
		EDE50D172235402800575EDF /* Debug */ = {
			isa = XCBuildConfiguration;
			buildSettings = {
				ASSETCATALOG_COMPILER_APPICON_NAME = AppIcon;
				CLANG_ENABLE_MODULES = YES;
				CODE_SIGN_STYLE = Automatic;
				INFOPLIST_FILE = GildedRoseKata/Info.plist;
				LD_RUNPATH_SEARCH_PATHS = "$(inherited) @executable_path/Frameworks";
				PRODUCT_BUNDLE_IDENTIFIER = com.Daniela.GildedRoseKata;
				PRODUCT_NAME = "$(TARGET_NAME)";
				SWIFT_OPTIMIZATION_LEVEL = "-Onone";
				SWIFT_VERSION = 4.0;
				TARGETED_DEVICE_FAMILY = "1,2";
			};
			name = Debug;
		};
		EDE50D182235402800575EDF /* Release */ = {
			isa = XCBuildConfiguration;
			buildSettings = {
				ASSETCATALOG_COMPILER_APPICON_NAME = AppIcon;
				CLANG_ENABLE_MODULES = YES;
				CODE_SIGN_STYLE = Automatic;
				INFOPLIST_FILE = GildedRoseKata/Info.plist;
				LD_RUNPATH_SEARCH_PATHS = "$(inherited) @executable_path/Frameworks";
				PRODUCT_BUNDLE_IDENTIFIER = com.Daniela.GildedRoseKata;
				PRODUCT_NAME = "$(TARGET_NAME)";
				SWIFT_VERSION = 4.0;
				TARGETED_DEVICE_FAMILY = "1,2";
			};
			name = Release;
		};
		EDE50D1A2235402800575EDF /* Debug */ = {
			isa = XCBuildConfiguration;
			buildSettings = {
				ALWAYS_EMBED_SWIFT_STANDARD_LIBRARIES = YES;
				BUNDLE_LOADER = "$(TEST_HOST)";
				CODE_SIGN_STYLE = Automatic;
				INFOPLIST_FILE = GildedRoseKataTests/Info.plist;
				LD_RUNPATH_SEARCH_PATHS = "$(inherited) @executable_path/Frameworks @loader_path/Frameworks";
				PRODUCT_BUNDLE_IDENTIFIER = com.Daniela.GildedRoseKataTests;
				PRODUCT_NAME = "$(TARGET_NAME)";
				SWIFT_VERSION = 4.0;
				TARGETED_DEVICE_FAMILY = "1,2";
				TEST_HOST = "$(BUILT_PRODUCTS_DIR)/GildedRoseKata.app/GildedRoseKata";
			};
			name = Debug;
		};
		EDE50D1B2235402800575EDF /* Release */ = {
			isa = XCBuildConfiguration;
			buildSettings = {
				ALWAYS_EMBED_SWIFT_STANDARD_LIBRARIES = YES;
				BUNDLE_LOADER = "$(TEST_HOST)";
				CODE_SIGN_STYLE = Automatic;
				INFOPLIST_FILE = GildedRoseKataTests/Info.plist;
				LD_RUNPATH_SEARCH_PATHS = "$(inherited) @executable_path/Frameworks @loader_path/Frameworks";
				PRODUCT_BUNDLE_IDENTIFIER = com.Daniela.GildedRoseKataTests;
				PRODUCT_NAME = "$(TARGET_NAME)";
				SWIFT_VERSION = 4.0;
				TARGETED_DEVICE_FAMILY = "1,2";
				TEST_HOST = "$(BUILT_PRODUCTS_DIR)/GildedRoseKata.app/GildedRoseKata";
			};
			name = Release;
		};
/* End XCBuildConfiguration section */

/* Begin XCConfigurationList section */
		EDE50CF42235402800575EDF /* Build configuration list for PBXProject "GildedRoseKata" */ = {
			isa = XCConfigurationList;
			buildConfigurations = (
				EDE50D142235402800575EDF /* Debug */,
				EDE50D152235402800575EDF /* Release */,
			);
			defaultConfigurationIsVisible = 0;
			defaultConfigurationName = Release;
		};
		EDE50D162235402800575EDF /* Build configuration list for PBXNativeTarget "GildedRoseKata" */ = {
			isa = XCConfigurationList;
			buildConfigurations = (
				EDE50D172235402800575EDF /* Debug */,
				EDE50D182235402800575EDF /* Release */,
			);
			defaultConfigurationIsVisible = 0;
			defaultConfigurationName = Release;
		};
		EDE50D192235402800575EDF /* Build configuration list for PBXNativeTarget "GildedRoseKataTests" */ = {
			isa = XCConfigurationList;
			buildConfigurations = (
				EDE50D1A2235402800575EDF /* Debug */,
				EDE50D1B2235402800575EDF /* Release */,
			);
			defaultConfigurationIsVisible = 0;
			defaultConfigurationName = Release;
		};
/* End XCConfigurationList section */
	};
	rootObject = EDE50CF12235402800575EDF /* Project object */;
}
